
Microsoft Visual Studio Solution File, Format Version 12.00
# Visual Studio Version 17
VisualStudioVersion = 17.5.33424.131
MinimumVisualStudioVersion = 10.0.40219.1
Project("{9A19103F-16F7-4668-BE54-9A1E7A4F7556}") = "Kr4", "Kr4\Kr4.csproj", "{D7FB8C85-A386-4D43-8344-8F0E6931AD62}"
EndProject
Project("{FAE04EC0-301F-11D3-BF4B-00C04F79EFBC}") = "Testqwe", "Testqwe\Testqwe.csproj", "{70C43AED-8AAB-4CBC-821C-54B0FAE15DC4}"
EndProject
Global
	GlobalSection(SolutionConfigurationPlatforms) = preSolution
		Debug|Any CPU = Debug|Any CPU
		Debug|ARM = Debug|ARM
		Debug|ARM64 = Debug|ARM64
		Debug|x64 = Debug|x64
		Debug|x86 = Debug|x86
		Release|Any CPU = Release|Any CPU
		Release|ARM = Release|ARM
		Release|ARM64 = Release|ARM64
		Release|x64 = Release|x64
		Release|x86 = Release|x86
	EndGlobalSection
	GlobalSection(ProjectConfigurationPlatforms) = postSolution
		{D7FB8C85-A386-4D43-8344-8F0E6931AD62}.Debug|Any CPU.ActiveCfg = Debug|Any CPU
		{D7FB8C85-A386-4D43-8344-8F0E6931AD62}.Debug|Any CPU.Build.0 = Debug|Any CPU
		{D7FB8C85-A386-4D43-8344-8F0E6931AD62}.Debug|ARM.ActiveCfg = Debug|Any CPU
		{D7FB8C85-A386-4D43-8344-8F0E6931AD62}.Debug|ARM.Build.0 = Debug|Any CPU
		{D7FB8C85-A386-4D43-8344-8F0E6931AD62}.Debug|ARM64.ActiveCfg = Debug|Any CPU
		{D7FB8C85-A386-4D43-8344-8F0E6931AD62}.Debug|ARM64.Build.0 = Debug|Any CPU
		{D7FB8C85-A386-4D43-8344-8F0E6931AD62}.Debug|x64.ActiveCfg = Debug|Any CPU
		{D7FB8C85-A386-4D43-8344-8F0E6931AD62}.Debug|x64.Build.0 = Debug|Any CPU
		{D7FB8C85-A386-4D43-8344-8F0E6931AD62}.Debug|x86.ActiveCfg = Debug|Any CPU
		{D7FB8C85-A386-4D43-8344-8F0E6931AD62}.Debug|x86.Build.0 = Debug|Any CPU
		{D7FB8C85-A386-4D43-8344-8F0E6931AD62}.Release|Any CPU.ActiveCfg = Release|Any CPU
		{D7FB8C85-A386-4D43-8344-8F0E6931AD62}.Release|Any CPU.Build.0 = Release|Any CPU
		{D7FB8C85-A386-4D43-8344-8F0E6931AD62}.Release|ARM.ActiveCfg = Release|Any CPU
		{D7FB8C85-A386-4D43-8344-8F0E6931AD62}.Release|ARM.Build.0 = Release|Any CPU
		{D7FB8C85-A386-4D43-8344-8F0E6931AD62}.Release|ARM64.ActiveCfg = Release|Any CPU
		{D7FB8C85-A386-4D43-8344-8F0E6931AD62}.Release|ARM64.Build.0 = Release|Any CPU
		{D7FB8C85-A386-4D43-8344-8F0E6931AD62}.Release|x64.ActiveCfg = Release|Any CPU
		{D7FB8C85-A386-4D43-8344-8F0E6931AD62}.Release|x64.Build.0 = Release|Any CPU
		{D7FB8C85-A386-4D43-8344-8F0E6931AD62}.Release|x86.ActiveCfg = Release|Any CPU
		{D7FB8C85-A386-4D43-8344-8F0E6931AD62}.Release|x86.Build.0 = Release|Any CPU
		{70C43AED-8AAB-4CBC-821C-54B0FAE15DC4}.Debug|Any CPU.ActiveCfg = Debug|Any CPU
		{70C43AED-8AAB-4CBC-821C-54B0FAE15DC4}.Debug|Any CPU.Build.0 = Debug|Any CPU
		{70C43AED-8AAB-4CBC-821C-54B0FAE15DC4}.Debug|ARM.ActiveCfg = Debug|Any CPU
		{70C43AED-8AAB-4CBC-821C-54B0FAE15DC4}.Debug|ARM.Build.0 = Debug|Any CPU
		{70C43AED-8AAB-4CBC-821C-54B0FAE15DC4}.Debug|ARM64.ActiveCfg = Debug|Any CPU
		{70C43AED-8AAB-4CBC-821C-54B0FAE15DC4}.Debug|ARM64.Build.0 = Debug|Any CPU
		{70C43AED-8AAB-4CBC-821C-54B0FAE15DC4}.Debug|x64.ActiveCfg = Debug|Any CPU
		{70C43AED-8AAB-4CBC-821C-54B0FAE15DC4}.Debug|x64.Build.0 = Debug|Any CPU
		{70C43AED-8AAB-4CBC-821C-54B0FAE15DC4}.Debug|x86.ActiveCfg = Debug|Any CPU
		{70C43AED-8AAB-4CBC-821C-54B0FAE15DC4}.Debug|x86.Build.0 = Debug|Any CPU
		{70C43AED-8AAB-4CBC-821C-54B0FAE15DC4}.Release|Any CPU.ActiveCfg = Release|Any CPU
		{70C43AED-8AAB-4CBC-821C-54B0FAE15DC4}.Release|Any CPU.Build.0 = Release|Any CPU
		{70C43AED-8AAB-4CBC-821C-54B0FAE15DC4}.Release|ARM.ActiveCfg = Release|Any CPU
		{70C43AED-8AAB-4CBC-821C-54B0FAE15DC4}.Release|ARM.Build.0 = Release|Any CPU
		{70C43AED-8AAB-4CBC-821C-54B0FAE15DC4}.Release|ARM64.ActiveCfg = Release|Any CPU
		{70C43AED-8AAB-4CBC-821C-54B0FAE15DC4}.Release|ARM64.Build.0 = Release|Any CPU
		{70C43AED-8AAB-4CBC-821C-54B0FAE15DC4}.Release|x64.ActiveCfg = Release|Any CPU
		{70C43AED-8AAB-4CBC-821C-54B0FAE15DC4}.Release|x64.Build.0 = Release|Any CPU
		{70C43AED-8AAB-4CBC-821C-54B0FAE15DC4}.Release|x86.ActiveCfg = Release|Any CPU
		{70C43AED-8AAB-4CBC-821C-54B0FAE15DC4}.Release|x86.Build.0 = Release|Any CPU
	EndGlobalSection
	GlobalSection(SolutionProperties) = preSolution
		HideSolutionNode = FALSE
	EndGlobalSection
	GlobalSection(ExtensibilityGlobals) = postSolution
		SolutionGuid = {A3EF7C3A-EE96-44B7-9F15-5330385A8CD7}
	EndGlobalSection
EndGlobal
